
Microsoft Visual Studio Solution File, Format Version 12.00
# Visual Studio 15
VisualStudioVersion = 15.0.28307.489
MinimumVisualStudioVersion = 10.0.40219.1
Project("{FAE04EC0-301F-11D3-BF4B-00C04F79EFBC}") = "VNPost", "VNPost\VNPost.csproj", "{52B514D6-69F8-4CAF-B04D-F899B0FC3ADF}"
EndProject
Global
	GlobalSection(SolutionConfigurationPlatforms) = preSolution
		Debug|Any CPU = Debug|Any CPU
		Release|Any CPU = Release|Any CPU
	EndGlobalSection
	GlobalSection(ProjectConfigurationPlatforms) = postSolution
		{52B514D6-69F8-4CAF-B04D-F899B0FC3ADF}.Debug|Any CPU.ActiveCfg = Debug|Any CPU
		{52B514D6-69F8-4CAF-B04D-F899B0FC3ADF}.Debug|Any CPU.Build.0 = Debug|Any CPU
		{52B514D6-69F8-4CAF-B04D-F899B0FC3ADF}.Release|Any CPU.ActiveCfg = Release|Any CPU
		{52B514D6-69F8-4CAF-B04D-F899B0FC3ADF}.Release|Any CPU.Build.0 = Release|Any CPU
	EndGlobalSection
	GlobalSection(SolutionProperties) = preSolution
		HideSolutionNode = FALSE
	EndGlobalSection
	GlobalSection(ExtensibilityGlobals) = postSolution
		SolutionGuid = {B6070DAD-2A49-4C85-B859-B3CFCADC50F0}
	EndGlobalSection
EndGlobal
